
Microsoft Visual Studio Solution File, Format Version 12.00
# Visual Studio Version 17
VisualStudioVersion = 17.1.32421.90
MinimumVisualStudioVersion = 10.0.40219.1
Project("{FAE04EC0-301F-11D3-BF4B-00C04F79EFBC}") = "Lab2", "Lab2.csproj", "{9D064371-816F-4951-B362-E7786180B26F}"
EndProject
Global
	GlobalSection(SolutionConfigurationPlatforms) = preSolution
		Debug|Any CPU = Debug|Any CPU
		Release|Any CPU = Release|Any CPU
	EndGlobalSection
	GlobalSection(ProjectConfigurationPlatforms) = postSolution
		{9D064371-816F-4951-B362-E7786180B26F}.Debug|Any CPU.ActiveCfg = Debug|Any CPU
		{9D064371-816F-4951-B362-E7786180B26F}.Debug|Any CPU.Build.0 = Debug|Any CPU
		{9D064371-816F-4951-B362-E7786180B26F}.Release|Any CPU.ActiveCfg = Release|Any CPU
		{9D064371-816F-4951-B362-E7786180B26F}.Release|Any CPU.Build.0 = Release|Any CPU
	EndGlobalSection
	GlobalSection(SolutionProperties) = preSolution
		HideSolutionNode = FALSE
	EndGlobalSection
	GlobalSection(ExtensibilityGlobals) = postSolution
		SolutionGuid = {3A9EC3D5-5F1D-444C-B706-8E9CCB24042F}
	EndGlobalSection
EndGlobal
